
Microsoft Visual Studio Solution File, Format Version 12.00
# Visual Studio 15
Project("{FAE04EC0-301F-11D3-BF4B-00C04F79EFBC}") = "Assembly-CSharp", "Assembly-CSharp.csproj", "{8E4DEF98-3890-1E03-C069-8BC39D618D9C}"
EndProject
Project("{FAE04EC0-301F-11D3-BF4B-00C04F79EFBC}") = "Polyperfect.Universal", "Polyperfect.Universal.csproj", "{84D759B4-2F44-5550-2424-42744F8C2219}"
EndProject
Project("{FAE04EC0-301F-11D3-BF4B-00C04F79EFBC}") = "Assembly-CSharp-Editor", "Assembly-CSharp-Editor.csproj", "{1BF7C2F9-DE6B-DB44-7A25-25C05F9750A1}"
EndProject
Global
	GlobalSection(SolutionConfigurationPlatforms) = preSolution
		Debug|Any CPU = Debug|Any CPU
		Release|Any CPU = Release|Any CPU
	EndGlobalSection
	GlobalSection(ProjectConfigurationPlatforms) = postSolution
		{8E4DEF98-3890-1E03-C069-8BC39D618D9C}.Debug|Any CPU.ActiveCfg = Debug|Any CPU
		{8E4DEF98-3890-1E03-C069-8BC39D618D9C}.Debug|Any CPU.Build.0 = Debug|Any CPU
		{8E4DEF98-3890-1E03-C069-8BC39D618D9C}.Release|Any CPU.ActiveCfg = Release|Any CPU
		{8E4DEF98-3890-1E03-C069-8BC39D618D9C}.Release|Any CPU.Build.0 = Release|Any CPU
		{84D759B4-2F44-5550-2424-42744F8C2219}.Debug|Any CPU.ActiveCfg = Debug|Any CPU
		{84D759B4-2F44-5550-2424-42744F8C2219}.Debug|Any CPU.Build.0 = Debug|Any CPU
		{84D759B4-2F44-5550-2424-42744F8C2219}.Release|Any CPU.ActiveCfg = Release|Any CPU
		{84D759B4-2F44-5550-2424-42744F8C2219}.Release|Any CPU.Build.0 = Release|Any CPU
		{1BF7C2F9-DE6B-DB44-7A25-25C05F9750A1}.Debug|Any CPU.ActiveCfg = Debug|Any CPU
		{1BF7C2F9-DE6B-DB44-7A25-25C05F9750A1}.Debug|Any CPU.Build.0 = Debug|Any CPU
		{1BF7C2F9-DE6B-DB44-7A25-25C05F9750A1}.Release|Any CPU.ActiveCfg = Release|Any CPU
		{1BF7C2F9-DE6B-DB44-7A25-25C05F9750A1}.Release|Any CPU.Build.0 = Release|Any CPU
	EndGlobalSection
	GlobalSection(SolutionProperties) = preSolution
		HideSolutionNode = FALSE
	EndGlobalSection
EndGlobal
